
Microsoft Visual Studio Solution File, Format Version 12.00
# Visual Studio Version 17
VisualStudioVersion = 17.2.32630.192
MinimumVisualStudioVersion = 10.0.40219.1
Project("{FAE04EC0-301F-11D3-BF4B-00C04F79EFBC}") = "CourseandStudentt", "CourseandStudentt\CourseandStudentt.csproj", "{4F9427D3-0064-476B-A561-AB303F3F8ADB}"
EndProject
Global
	GlobalSection(SolutionConfigurationPlatforms) = preSolution
		Debug|Any CPU = Debug|Any CPU
		Release|Any CPU = Release|Any CPU
	EndGlobalSection
	GlobalSection(ProjectConfigurationPlatforms) = postSolution
		{4F9427D3-0064-476B-A561-AB303F3F8ADB}.Debug|Any CPU.ActiveCfg = Debug|Any CPU
		{4F9427D3-0064-476B-A561-AB303F3F8ADB}.Debug|Any CPU.Build.0 = Debug|Any CPU
		{4F9427D3-0064-476B-A561-AB303F3F8ADB}.Release|Any CPU.ActiveCfg = Release|Any CPU
		{4F9427D3-0064-476B-A561-AB303F3F8ADB}.Release|Any CPU.Build.0 = Release|Any CPU
	EndGlobalSection
	GlobalSection(SolutionProperties) = preSolution
		HideSolutionNode = FALSE
	EndGlobalSection
	GlobalSection(ExtensibilityGlobals) = postSolution
		SolutionGuid = {31D2B2BB-C47A-41BA-8CA2-33BD4C02057A}
	EndGlobalSection
EndGlobal
